
Microsoft Visual Studio Solution File, Format Version 12.00
# Visual Studio Version 17
VisualStudioVersion = 17.5.002.0
MinimumVisualStudioVersion = 10.0.40219.1
Project("{9A19103F-16F7-4668-BE54-9A1E7A4F7556}") = "reddit-clone-API", "reddit-clone-API.csproj", "{AA92F053-94E6-4353-A738-62817DA38EC8}"
EndProject
Global
	GlobalSection(SolutionConfigurationPlatforms) = preSolution
		Debug|Any CPU = Debug|Any CPU
		Release|Any CPU = Release|Any CPU
	EndGlobalSection
	GlobalSection(ProjectConfigurationPlatforms) = postSolution
		{AA92F053-94E6-4353-A738-62817DA38EC8}.Debug|Any CPU.ActiveCfg = Debug|Any CPU
		{AA92F053-94E6-4353-A738-62817DA38EC8}.Debug|Any CPU.Build.0 = Debug|Any CPU
		{AA92F053-94E6-4353-A738-62817DA38EC8}.Release|Any CPU.ActiveCfg = Release|Any CPU
		{AA92F053-94E6-4353-A738-62817DA38EC8}.Release|Any CPU.Build.0 = Release|Any CPU
	EndGlobalSection
	GlobalSection(SolutionProperties) = preSolution
		HideSolutionNode = FALSE
	EndGlobalSection
	GlobalSection(ExtensibilityGlobals) = postSolution
		SolutionGuid = {303348A9-09E6-422E-B450-CFBD51D8823A}
	EndGlobalSection
EndGlobal
